{
  "pins" : [
    {
      "identity" : "cocoaasyncsocket",
      "kind" : "remoteSourceControl",
      "location" : "https://github.com/robbiehanson/CocoaAsyncSocket.git",
      "state" : {
        "revision" : "dbdc00669c1ced63b27c3c5f052ee4d28f10150c",
        "version" : "7.6.5"
      }
    },
    {
      "identity" : "fileprovider",
      "kind" : "remoteSourceControl",
      "location" : "https://github.com/amosavian/FileProvider.git",
      "state" : {
        "revision" : "abf68a62541a4193c8d106367ddb3648e8ab693f",
        "version" : "0.26.0"
      }
    },
    {
      "identity" : "zipfoundation",
      "kind" : "remoteSourceControl",
      "location" : "https://github.com/weichsel/ZIPFoundation.git",
      "state" : {
        "revision" : "7254c74b49cec2cb81520523ba993c671f71b066",
        "version" : "0.9.14"
      }
    }
  ],
  "version" : 2
}
