// !$*UTF8*$!
{
	archiveVersion = 1;
	classes = {
	};
	objectVersion = 55;
	objects = {

/* Begin PBXBuildFile section */
		337E5E99C31E6B2F2CCE61CB /* libPods-nxvpro.a in Frameworks */ = {isa = PBXBuildFile; fileRef = 1AD8F7D0C501293EF9CFA592 /* libPods-nxvpro.a */; };
		996692E227B6786F00198BB1 /* soap_imaging_settings.xml in Resources */ = {isa = PBXBuildFile; fileRef = 996692C327B6786500198BB1 /* soap_imaging_settings.xml */; };
		996692E327B6786F00198BB1 /* soap_system_time.xml in Resources */ = {isa = PBXBuildFile; fileRef = 996692C427B6786500198BB1 /* soap_system_time.xml */; };
		996692E427B6786F00198BB1 /* soap_set_video_encoder.xml in Resources */ = {isa = PBXBuildFile; fileRef = 996692C527B6786500198BB1 /* soap_set_video_encoder.xml */; };
		996692E527B6786F00198BB1 /* soap_device_info.xml in Resources */ = {isa = PBXBuildFile; fileRef = 996692C627B6786500198BB1 /* soap_device_info.xml */; };
		996692E627B6786F00198BB1 /* add_camera_info.txt in Resources */ = {isa = PBXBuildFile; fileRef = 996692C727B6786500198BB1 /* add_camera_info.txt */; };
		996692E727B6786F00198BB1 /* ptz_zoom_stop.xml in Resources */ = {isa = PBXBuildFile; fileRef = 996692C827B6786500198BB1 /* ptz_zoom_stop.xml */; };
		996692E827B6786F00198BB1 /* soap_get_video_encoder_config.xml in Resources */ = {isa = PBXBuildFile; fileRef = 996692C927B6786500198BB1 /* soap_get_video_encoder_config.xml */; };
		996692E927B6786F00198BB1 /* ptz_zoom.xml in Resources */ = {isa = PBXBuildFile; fileRef = 996692CA27B6786500198BB1 /* ptz_zoom.xml */; };
		996692EA27B6786F00198BB1 /* soap_stream_uri.xml in Resources */ = {isa = PBXBuildFile; fileRef = 996692CB27B6786500198BB1 /* soap_stream_uri.xml */; };
		996692EB27B6786F00198BB1 /* soap_get_video_encoder.xml in Resources */ = {isa = PBXBuildFile; fileRef = 996692CC27B6786500198BB1 /* soap_get_video_encoder.xml */; };
		996692EC27B6786F00198BB1 /* help_ptz.txt in Resources */ = {isa = PBXBuildFile; fileRef = 996692CD27B6786500198BB1 /* help_ptz.txt */; };
		996692ED27B6786F00198BB1 /* help_vmd.txt in Resources */ = {isa = PBXBuildFile; fileRef = 996692CE27B6786500198BB1 /* help_vmd.txt */; };
		996692EE27B6786F00198BB1 /* soap_profiles.xml in Resources */ = {isa = PBXBuildFile; fileRef = 996692CF27B6786500198BB1 /* soap_profiles.xml */; };
		996692EF27B6786F00198BB1 /* soap_snapshot.xml in Resources */ = {isa = PBXBuildFile; fileRef = 996692D027B6786600198BB1 /* soap_snapshot.xml */; };
		996692F027B6786F00198BB1 /* ssdp.xml in Resources */ = {isa = PBXBuildFile; fileRef = 996692D127B6786800198BB1 /* ssdp.xml */; };
		996692F127B6786F00198BB1 /* soap_capabilities.xml in Resources */ = {isa = PBXBuildFile; fileRef = 996692D227B6786800198BB1 /* soap_capabilities.xml */; };
		996692F227B6786F00198BB1 /* soap_ptz_stop.xml in Resources */ = {isa = PBXBuildFile; fileRef = 996692D327B6786900198BB1 /* soap_ptz_stop.xml */; };
		996692F327B6786F00198BB1 /* soap_header.xml in Resources */ = {isa = PBXBuildFile; fileRef = 996692D427B6786900198BB1 /* soap_header.xml */; };
		996692F427B6786F00198BB1 /* soap_ptz.xml in Resources */ = {isa = PBXBuildFile; fileRef = 996692D527B6786900198BB1 /* soap_ptz.xml */; };
		996692F527B6786F00198BB1 /* ports.txt in Resources */ = {isa = PBXBuildFile; fileRef = 996692D627B6786B00198BB1 /* ports.txt */; };
		996692F627B6786F00198BB1 /* soap_header_basic.xml in Resources */ = {isa = PBXBuildFile; fileRef = 996692D727B6786B00198BB1 /* soap_header_basic.xml */; };
		996692F727B6786F00198BB1 /* soap_imaging_apply.xml in Resources */ = {isa = PBXBuildFile; fileRef = 996692D827B6786B00198BB1 /* soap_imaging_apply.xml */; };
		996692F827B6786F00198BB1 /* soap_goto_ptz_preset.xml in Resources */ = {isa = PBXBuildFile; fileRef = 996692D927B6786C00198BB1 /* soap_goto_ptz_preset.xml */; };
		996692F927B6786F00198BB1 /* help_disco.txt in Resources */ = {isa = PBXBuildFile; fileRef = 996692DA27B6786C00198BB1 /* help_disco.txt */; };
		996692FA27B6786F00198BB1 /* soap_profile.xml in Resources */ = {isa = PBXBuildFile; fileRef = 996692DB27B6786C00198BB1 /* soap_profile.xml */; };
		996692FB27B6786F00198BB1 /* soap_set_ptz_preset.xml in Resources */ = {isa = PBXBuildFile; fileRef = 996692DC27B6786E00198BB1 /* soap_set_ptz_preset.xml */; };
		996692FC27B6786F00198BB1 /* soap_imaging.xml in Resources */ = {isa = PBXBuildFile; fileRef = 996692DD27B6786F00198BB1 /* soap_imaging.xml */; };
		996692FD27B6786F00198BB1 /* soap_get_video_profile.xml in Resources */ = {isa = PBXBuildFile; fileRef = 996692DE27B6786F00198BB1 /* soap_get_video_profile.xml */; };
		996692FE27B6786F00198BB1 /* soap_ptz_presets.xml in Resources */ = {isa = PBXBuildFile; fileRef = 996692DF27B6786F00198BB1 /* soap_ptz_presets.xml */; };
		996692FF27B6786F00198BB1 /* wan_disco_template.xml in Resources */ = {isa = PBXBuildFile; fileRef = 996692E027B6786F00198BB1 /* wan_disco_template.xml */; };
		9966930027B6786F00198BB1 /* nxv_icon_gray_thumb.png in Resources */ = {isa = PBXBuildFile; fileRef = 996692E127B6786F00198BB1 /* nxv_icon_gray_thumb.png */; };
		997DC24327B531C2001981C5 /* AppFonts.swift in Sources */ = {isa = PBXBuildFile; fileRef = 997DC24227B531C2001981C5 /* AppFonts.swift */; };
		997DC24527B537CC001981C5 /* NxvProCamerasView.swift in Sources */ = {isa = PBXBuildFile; fileRef = 997DC24427B537CC001981C5 /* NxvProCamerasView.swift */; };
		997DC24827B55D82001981C5 /* CocoaAsyncSocket in Frameworks */ = {isa = PBXBuildFile; productRef = 997DC24727B55D82001981C5 /* CocoaAsyncSocket */; };
		997DC24B27B55DB3001981C5 /* ZIPFoundation in Frameworks */ = {isa = PBXBuildFile; productRef = 997DC24A27B55DB3001981C5 /* ZIPFoundation */; };
		997DC28B27B56873001981C5 /* CardData.swift in Sources */ = {isa = PBXBuildFile; fileRef = 997DC27E27B56873001981C5 /* CardData.swift */; };
		997DC28C27B56873001981C5 /* OnvifImagingParser.swift in Sources */ = {isa = PBXBuildFile; fileRef = 997DC27F27B56873001981C5 /* OnvifImagingParser.swift */; };
		997DC28D27B56873001981C5 /* AllCameras.swift in Sources */ = {isa = PBXBuildFile; fileRef = 997DC28027B56873001981C5 /* AllCameras.swift */; };
		997DC28E27B56873001981C5 /* BaseOnvifAuth.swift in Sources */ = {isa = PBXBuildFile; fileRef = 997DC28127B56873001981C5 /* BaseOnvifAuth.swift */; };
		997DC28F27B56873001981C5 /* ProfileVideoSourceParser.swift in Sources */ = {isa = PBXBuildFile; fileRef = 997DC28227B56873001981C5 /* ProfileVideoSourceParser.swift */; };
		997DC29027B56873001981C5 /* PtzPresetsFactory.swift in Sources */ = {isa = PBXBuildFile; fileRef = 997DC28327B56873001981C5 /* PtzPresetsFactory.swift */; };
		997DC29127B56873001981C5 /* SHA1.swift in Sources */ = {isa = PBXBuildFile; fileRef = 997DC28427B56873001981C5 /* SHA1.swift */; };
		997DC29227B56873001981C5 /* XmlPathsParser.swift in Sources */ = {isa = PBXBuildFile; fileRef = 997DC28527B56873001981C5 /* XmlPathsParser.swift */; };
		997DC29327B56873001981C5 /* OnvifDisco.swift in Sources */ = {isa = PBXBuildFile; fileRef = 997DC28627B56873001981C5 /* OnvifDisco.swift */; };
		997DC29427B56873001981C5 /* PtzAction.swift in Sources */ = {isa = PBXBuildFile; fileRef = 997DC28727B56873001981C5 /* PtzAction.swift */; };
		997DC29527B56873001981C5 /* OnvifVideoEncoder.swift in Sources */ = {isa = PBXBuildFile; fileRef = 997DC28827B56873001981C5 /* OnvifVideoEncoder.swift */; };
		997DC29627B56873001981C5 /* Camera.swift in Sources */ = {isa = PBXBuildFile; fileRef = 997DC28927B56873001981C5 /* Camera.swift */; };
		997DC29727B56873001981C5 /* ProfileXmlParser.swift in Sources */ = {isa = PBXBuildFile; fileRef = 997DC28A27B56873001981C5 /* ProfileXmlParser.swift */; };
		997DC2A427B56889001981C5 /* RemoteLogging.swift in Sources */ = {isa = PBXBuildFile; fileRef = 997DC29927B56889001981C5 /* RemoteLogging.swift */; };
		997DC2A527B56889001981C5 /* AppLog.swift in Sources */ = {isa = PBXBuildFile; fileRef = 997DC29A27B56889001981C5 /* AppLog.swift */; };
		997DC2A627B56889001981C5 /* MotionDetector.swift in Sources */ = {isa = PBXBuildFile; fileRef = 997DC29B27B56889001981C5 /* MotionDetector.swift */; };
		997DC2A727B56889001981C5 /* NXVProxy.swift in Sources */ = {isa = PBXBuildFile; fileRef = 997DC29C27B56889001981C5 /* NXVProxy.swift */; };
		997DC2A827B56889001981C5 /* ShareSheetEx.swift in Sources */ = {isa = PBXBuildFile; fileRef = 997DC29E27B56889001981C5 /* ShareSheetEx.swift */; };
		997DC2A927B56889001981C5 /* FileHelper.swift in Sources */ = {isa = PBXBuildFile; fileRef = 997DC29F27B56889001981C5 /* FileHelper.swift */; };
		997DC2AA27B56889001981C5 /* Helpers.swift in Sources */ = {isa = PBXBuildFile; fileRef = 997DC2A027B56889001981C5 /* Helpers.swift */; };
		997DC2AB27B56889001981C5 /* ImageHelper.swift in Sources */ = {isa = PBXBuildFile; fileRef = 997DC2A127B56889001981C5 /* ImageHelper.swift */; };
		997DC2AC27B56889001981C5 /* NetworkMonitor.swift in Sources */ = {isa = PBXBuildFile; fileRef = 997DC2A227B56889001981C5 /* NetworkMonitor.swift */; };
		997DC2AD27B56889001981C5 /* URLSessionEx.swift in Sources */ = {isa = PBXBuildFile; fileRef = 997DC2A327B56889001981C5 /* URLSessionEx.swift */; };
		997DC2B027B56B93001981C5 /* VLCCameraView.swift in Sources */ = {isa = PBXBuildFile; fileRef = 997DC2AF27B56B93001981C5 /* VLCCameraView.swift */; };
		997DC2B227B57004001981C5 /* DiscoveredCameraView.swift in Sources */ = {isa = PBXBuildFile; fileRef = 997DC2B127B57004001981C5 /* DiscoveredCameraView.swift */; };
		997DC2B427B5703B001981C5 /* AppIconModel.swift in Sources */ = {isa = PBXBuildFile; fileRef = 997DC2B327B5703B001981C5 /* AppIconModel.swift */; };
		997DC2B627B62464001981C5 /* Launch Screen.storyboard in Resources */ = {isa = PBXBuildFile; fileRef = 997DC2B527B62464001981C5 /* Launch Screen.storyboard */; };
		99BB266F27B417CB001C3718 /* nxvproApp.swift in Sources */ = {isa = PBXBuildFile; fileRef = 99BB266E27B417CB001C3718 /* nxvproApp.swift */; };
		99BB267127B417CB001C3718 /* NxvProContentView.swift in Sources */ = {isa = PBXBuildFile; fileRef = 99BB267027B417CB001C3718 /* NxvProContentView.swift */; };
		99BB267327B417CC001C3718 /* Assets.xcassets in Resources */ = {isa = PBXBuildFile; fileRef = 99BB267227B417CC001C3718 /* Assets.xcassets */; };
		99BB267627B417CC001C3718 /* Preview Assets.xcassets in Resources */ = {isa = PBXBuildFile; fileRef = 99BB267527B417CC001C3718 /* Preview Assets.xcassets */; };
		99BB267E27B41FAF001C3718 /* NXTabItem.swift in Sources */ = {isa = PBXBuildFile; fileRef = 99BB267D27B41FAF001C3718 /* NXTabItem.swift */; };
/* End PBXBuildFile section */

/* Begin PBXFileReference section */
		1810040AB902DBD596FA527F /* Pods-nxvpro.release.xcconfig */ = {isa = PBXFileReference; includeInIndex = 1; lastKnownFileType = text.xcconfig; name = "Pods-nxvpro.release.xcconfig"; path = "Target Support Files/Pods-nxvpro/Pods-nxvpro.release.xcconfig"; sourceTree = "<group>"; };
		1AD8F7D0C501293EF9CFA592 /* libPods-nxvpro.a */ = {isa = PBXFileReference; explicitFileType = archive.ar; includeInIndex = 0; path = "libPods-nxvpro.a"; sourceTree = BUILT_PRODUCTS_DIR; };
		1C468289E824D36F83B0E628 /* Pods-nxvpro.debug.xcconfig */ = {isa = PBXFileReference; includeInIndex = 1; lastKnownFileType = text.xcconfig; name = "Pods-nxvpro.debug.xcconfig"; path = "Target Support Files/Pods-nxvpro/Pods-nxvpro.debug.xcconfig"; sourceTree = "<group>"; };
		9921DD2427B635B700B0C604 /* nxvpro.entitlements */ = {isa = PBXFileReference; lastKnownFileType = text.plist.entitlements; path = nxvpro.entitlements; sourceTree = "<group>"; };
		996692C327B6786500198BB1 /* soap_imaging_settings.xml */ = {isa = PBXFileReference; fileEncoding = 4; lastKnownFileType = text.xml; path = soap_imaging_settings.xml; sourceTree = "<group>"; };
		996692C427B6786500198BB1 /* soap_system_time.xml */ = {isa = PBXFileReference; fileEncoding = 4; lastKnownFileType = text.xml; path = soap_system_time.xml; sourceTree = "<group>"; };
		996692C527B6786500198BB1 /* soap_set_video_encoder.xml */ = {isa = PBXFileReference; fileEncoding = 4; lastKnownFileType = text.xml; path = soap_set_video_encoder.xml; sourceTree = "<group>"; };
		996692C627B6786500198BB1 /* soap_device_info.xml */ = {isa = PBXFileReference; fileEncoding = 4; lastKnownFileType = text.xml; path = soap_device_info.xml; sourceTree = "<group>"; };
		996692C727B6786500198BB1 /* add_camera_info.txt */ = {isa = PBXFileReference; fileEncoding = 4; lastKnownFileType = text; path = add_camera_info.txt; sourceTree = "<group>"; };
		996692C827B6786500198BB1 /* ptz_zoom_stop.xml */ = {isa = PBXFileReference; fileEncoding = 4; lastKnownFileType = text.xml; path = ptz_zoom_stop.xml; sourceTree = "<group>"; };
		996692C927B6786500198BB1 /* soap_get_video_encoder_config.xml */ = {isa = PBXFileReference; fileEncoding = 4; lastKnownFileType = text.xml; path = soap_get_video_encoder_config.xml; sourceTree = "<group>"; };
		996692CA27B6786500198BB1 /* ptz_zoom.xml */ = {isa = PBXFileReference; fileEncoding = 4; lastKnownFileType = text.xml; path = ptz_zoom.xml; sourceTree = "<group>"; };
		996692CB27B6786500198BB1 /* soap_stream_uri.xml */ = {isa = PBXFileReference; fileEncoding = 4; lastKnownFileType = text.xml; path = soap_stream_uri.xml; sourceTree = "<group>"; };
		996692CC27B6786500198BB1 /* soap_get_video_encoder.xml */ = {isa = PBXFileReference; fileEncoding = 4; lastKnownFileType = text.xml; path = soap_get_video_encoder.xml; sourceTree = "<group>"; };
		996692CD27B6786500198BB1 /* help_ptz.txt */ = {isa = PBXFileReference; fileEncoding = 4; lastKnownFileType = text; path = help_ptz.txt; sourceTree = "<group>"; };
		996692CE27B6786500198BB1 /* help_vmd.txt */ = {isa = PBXFileReference; fileEncoding = 4; lastKnownFileType = text; path = help_vmd.txt; sourceTree = "<group>"; };
		996692CF27B6786500198BB1 /* soap_profiles.xml */ = {isa = PBXFileReference; fileEncoding = 4; lastKnownFileType = text.xml; path = soap_profiles.xml; sourceTree = "<group>"; };
		996692D027B6786600198BB1 /* soap_snapshot.xml */ = {isa = PBXFileReference; fileEncoding = 4; lastKnownFileType = text.xml; path = soap_snapshot.xml; sourceTree = "<group>"; };
		996692D127B6786800198BB1 /* ssdp.xml */ = {isa = PBXFileReference; fileEncoding = 4; lastKnownFileType = text.xml; path = ssdp.xml; sourceTree = "<group>"; };
		996692D227B6786800198BB1 /* soap_capabilities.xml */ = {isa = PBXFileReference; fileEncoding = 4; lastKnownFileType = text.xml; path = soap_capabilities.xml; sourceTree = "<group>"; };
		996692D327B6786900198BB1 /* soap_ptz_stop.xml */ = {isa = PBXFileReference; fileEncoding = 4; lastKnownFileType = text.xml; path = soap_ptz_stop.xml; sourceTree = "<group>"; };
		996692D427B6786900198BB1 /* soap_header.xml */ = {isa = PBXFileReference; fileEncoding = 4; lastKnownFileType = text.xml; path = soap_header.xml; sourceTree = "<group>"; };
		996692D527B6786900198BB1 /* soap_ptz.xml */ = {isa = PBXFileReference; fileEncoding = 4; lastKnownFileType = text.xml; path = soap_ptz.xml; sourceTree = "<group>"; };
		996692D627B6786B00198BB1 /* ports.txt */ = {isa = PBXFileReference; fileEncoding = 4; lastKnownFileType = text; path = ports.txt; sourceTree = "<group>"; };
		996692D727B6786B00198BB1 /* soap_header_basic.xml */ = {isa = PBXFileReference; fileEncoding = 4; lastKnownFileType = text.xml; path = soap_header_basic.xml; sourceTree = "<group>"; };
		996692D827B6786B00198BB1 /* soap_imaging_apply.xml */ = {isa = PBXFileReference; fileEncoding = 4; lastKnownFileType = text.xml; path = soap_imaging_apply.xml; sourceTree = "<group>"; };
		996692D927B6786C00198BB1 /* soap_goto_ptz_preset.xml */ = {isa = PBXFileReference; fileEncoding = 4; lastKnownFileType = text.xml; path = soap_goto_ptz_preset.xml; sourceTree = "<group>"; };
		996692DA27B6786C00198BB1 /* help_disco.txt */ = {isa = PBXFileReference; fileEncoding = 4; lastKnownFileType = text; path = help_disco.txt; sourceTree = "<group>"; };
		996692DB27B6786C00198BB1 /* soap_profile.xml */ = {isa = PBXFileReference; fileEncoding = 4; lastKnownFileType = text.xml; path = soap_profile.xml; sourceTree = "<group>"; };
		996692DC27B6786E00198BB1 /* soap_set_ptz_preset.xml */ = {isa = PBXFileReference; fileEncoding = 4; lastKnownFileType = text.xml; path = soap_set_ptz_preset.xml; sourceTree = "<group>"; };
		996692DD27B6786F00198BB1 /* soap_imaging.xml */ = {isa = PBXFileReference; fileEncoding = 4; lastKnownFileType = text.xml; path = soap_imaging.xml; sourceTree = "<group>"; };
		996692DE27B6786F00198BB1 /* soap_get_video_profile.xml */ = {isa = PBXFileReference; fileEncoding = 4; lastKnownFileType = text.xml; path = soap_get_video_profile.xml; sourceTree = "<group>"; };
		996692DF27B6786F00198BB1 /* soap_ptz_presets.xml */ = {isa = PBXFileReference; fileEncoding = 4; lastKnownFileType = text.xml; path = soap_ptz_presets.xml; sourceTree = "<group>"; };
		996692E027B6786F00198BB1 /* wan_disco_template.xml */ = {isa = PBXFileReference; fileEncoding = 4; lastKnownFileType = text.xml; path = wan_disco_template.xml; sourceTree = "<group>"; };
		996692E127B6786F00198BB1 /* nxv_icon_gray_thumb.png */ = {isa = PBXFileReference; lastKnownFileType = image.png; path = nxv_icon_gray_thumb.png; sourceTree = "<group>"; };
		997DC24227B531C2001981C5 /* AppFonts.swift */ = {isa = PBXFileReference; fileEncoding = 4; lastKnownFileType = sourcecode.swift; path = AppFonts.swift; sourceTree = "<group>"; };
		997DC24427B537CC001981C5 /* NxvProCamerasView.swift */ = {isa = PBXFileReference; lastKnownFileType = sourcecode.swift; path = NxvProCamerasView.swift; sourceTree = "<group>"; };
		997DC27E27B56873001981C5 /* CardData.swift */ = {isa = PBXFileReference; fileEncoding = 4; lastKnownFileType = sourcecode.swift; path = CardData.swift; sourceTree = "<group>"; };
		997DC27F27B56873001981C5 /* OnvifImagingParser.swift */ = {isa = PBXFileReference; fileEncoding = 4; lastKnownFileType = sourcecode.swift; path = OnvifImagingParser.swift; sourceTree = "<group>"; };
		997DC28027B56873001981C5 /* AllCameras.swift */ = {isa = PBXFileReference; fileEncoding = 4; lastKnownFileType = sourcecode.swift; path = AllCameras.swift; sourceTree = "<group>"; };
		997DC28127B56873001981C5 /* BaseOnvifAuth.swift */ = {isa = PBXFileReference; fileEncoding = 4; lastKnownFileType = sourcecode.swift; path = BaseOnvifAuth.swift; sourceTree = "<group>"; };
		997DC28227B56873001981C5 /* ProfileVideoSourceParser.swift */ = {isa = PBXFileReference; fileEncoding = 4; lastKnownFileType = sourcecode.swift; path = ProfileVideoSourceParser.swift; sourceTree = "<group>"; };
		997DC28327B56873001981C5 /* PtzPresetsFactory.swift */ = {isa = PBXFileReference; fileEncoding = 4; lastKnownFileType = sourcecode.swift; path = PtzPresetsFactory.swift; sourceTree = "<group>"; };
		997DC28427B56873001981C5 /* SHA1.swift */ = {isa = PBXFileReference; fileEncoding = 4; lastKnownFileType = sourcecode.swift; path = SHA1.swift; sourceTree = "<group>"; };
		997DC28527B56873001981C5 /* XmlPathsParser.swift */ = {isa = PBXFileReference; fileEncoding = 4; lastKnownFileType = sourcecode.swift; path = XmlPathsParser.swift; sourceTree = "<group>"; };
		997DC28627B56873001981C5 /* OnvifDisco.swift */ = {isa = PBXFileReference; fileEncoding = 4; lastKnownFileType = sourcecode.swift; path = OnvifDisco.swift; sourceTree = "<group>"; };
		997DC28727B56873001981C5 /* PtzAction.swift */ = {isa = PBXFileReference; fileEncoding = 4; lastKnownFileType = sourcecode.swift; path = PtzAction.swift; sourceTree = "<group>"; };
		997DC28827B56873001981C5 /* OnvifVideoEncoder.swift */ = {isa = PBXFileReference; fileEncoding = 4; lastKnownFileType = sourcecode.swift; path = OnvifVideoEncoder.swift; sourceTree = "<group>"; };
		997DC28927B56873001981C5 /* Camera.swift */ = {isa = PBXFileReference; fileEncoding = 4; lastKnownFileType = sourcecode.swift; path = Camera.swift; sourceTree = "<group>"; };
		997DC28A27B56873001981C5 /* ProfileXmlParser.swift */ = {isa = PBXFileReference; fileEncoding = 4; lastKnownFileType = sourcecode.swift; path = ProfileXmlParser.swift; sourceTree = "<group>"; };
		997DC29927B56889001981C5 /* RemoteLogging.swift */ = {isa = PBXFileReference; fileEncoding = 4; lastKnownFileType = sourcecode.swift; path = RemoteLogging.swift; sourceTree = "<group>"; };
		997DC29A27B56889001981C5 /* AppLog.swift */ = {isa = PBXFileReference; fileEncoding = 4; lastKnownFileType = sourcecode.swift; path = AppLog.swift; sourceTree = "<group>"; };
		997DC29B27B56889001981C5 /* MotionDetector.swift */ = {isa = PBXFileReference; fileEncoding = 4; lastKnownFileType = sourcecode.swift; path = MotionDetector.swift; sourceTree = "<group>"; };
		997DC29C27B56889001981C5 /* NXVProxy.swift */ = {isa = PBXFileReference; fileEncoding = 4; lastKnownFileType = sourcecode.swift; path = NXVProxy.swift; sourceTree = "<group>"; };
		997DC29E27B56889001981C5 /* ShareSheetEx.swift */ = {isa = PBXFileReference; fileEncoding = 4; lastKnownFileType = sourcecode.swift; path = ShareSheetEx.swift; sourceTree = "<group>"; };
		997DC29F27B56889001981C5 /* FileHelper.swift */ = {isa = PBXFileReference; fileEncoding = 4; lastKnownFileType = sourcecode.swift; path = FileHelper.swift; sourceTree = "<group>"; };
		997DC2A027B56889001981C5 /* Helpers.swift */ = {isa = PBXFileReference; fileEncoding = 4; lastKnownFileType = sourcecode.swift; path = Helpers.swift; sourceTree = "<group>"; };
		997DC2A127B56889001981C5 /* ImageHelper.swift */ = {isa = PBXFileReference; fileEncoding = 4; lastKnownFileType = sourcecode.swift; path = ImageHelper.swift; sourceTree = "<group>"; };
		997DC2A227B56889001981C5 /* NetworkMonitor.swift */ = {isa = PBXFileReference; fileEncoding = 4; lastKnownFileType = sourcecode.swift; path = NetworkMonitor.swift; sourceTree = "<group>"; };
		997DC2A327B56889001981C5 /* URLSessionEx.swift */ = {isa = PBXFileReference; fileEncoding = 4; lastKnownFileType = sourcecode.swift; path = URLSessionEx.swift; sourceTree = "<group>"; };
		997DC2AF27B56B93001981C5 /* VLCCameraView.swift */ = {isa = PBXFileReference; fileEncoding = 4; lastKnownFileType = sourcecode.swift; path = VLCCameraView.swift; sourceTree = "<group>"; };
		997DC2B127B57004001981C5 /* DiscoveredCameraView.swift */ = {isa = PBXFileReference; fileEncoding = 4; lastKnownFileType = sourcecode.swift; path = DiscoveredCameraView.swift; sourceTree = "<group>"; };
		997DC2B327B5703B001981C5 /* AppIconModel.swift */ = {isa = PBXFileReference; fileEncoding = 4; lastKnownFileType = sourcecode.swift; path = AppIconModel.swift; sourceTree = "<group>"; };
		997DC2B527B62464001981C5 /* Launch Screen.storyboard */ = {isa = PBXFileReference; fileEncoding = 4; lastKnownFileType = file.storyboard; path = "Launch Screen.storyboard"; sourceTree = "<group>"; };
		99BB266B27B417CB001C3718 /* nxvpro.app */ = {isa = PBXFileReference; explicitFileType = wrapper.application; includeInIndex = 0; path = nxvpro.app; sourceTree = BUILT_PRODUCTS_DIR; };
		99BB266E27B417CB001C3718 /* nxvproApp.swift */ = {isa = PBXFileReference; lastKnownFileType = sourcecode.swift; path = nxvproApp.swift; sourceTree = "<group>"; };
		99BB267027B417CB001C3718 /* NxvProContentView.swift */ = {isa = PBXFileReference; lastKnownFileType = sourcecode.swift; path = NxvProContentView.swift; sourceTree = "<group>"; };
		99BB267227B417CC001C3718 /* Assets.xcassets */ = {isa = PBXFileReference; lastKnownFileType = folder.assetcatalog; path = Assets.xcassets; sourceTree = "<group>"; };
		99BB267527B417CC001C3718 /* Preview Assets.xcassets */ = {isa = PBXFileReference; lastKnownFileType = folder.assetcatalog; path = "Preview Assets.xcassets"; sourceTree = "<group>"; };
		99BB267C27B417DC001C3718 /* Info.plist */ = {isa = PBXFileReference; lastKnownFileType = text.plist; path = Info.plist; sourceTree = "<group>"; };
		99BB267D27B41FAF001C3718 /* NXTabItem.swift */ = {isa = PBXFileReference; lastKnownFileType = sourcecode.swift; path = NXTabItem.swift; sourceTree = "<group>"; };
/* End PBXFileReference section */

/* Begin PBXFrameworksBuildPhase section */
		99BB266827B417CB001C3718 /* Frameworks */ = {
			isa = PBXFrameworksBuildPhase;
			buildActionMask = 2147483647;
			files = (
				997DC24827B55D82001981C5 /* CocoaAsyncSocket in Frameworks */,
				997DC24B27B55DB3001981C5 /* ZIPFoundation in Frameworks */,
				337E5E99C31E6B2F2CCE61CB /* libPods-nxvpro.a in Frameworks */,
			);
			runOnlyForDeploymentPostprocessing = 0;
		};
/* End PBXFrameworksBuildPhase section */

/* Begin PBXGroup section */
		501E18D6FB867EA19BFFE550 /* Frameworks */ = {
			isa = PBXGroup;
			children = (
				1AD8F7D0C501293EF9CFA592 /* libPods-nxvpro.a */,
			);
			name = Frameworks;
			sourceTree = "<group>";
		};
		996692C227B6783F00198BB1 /* Resources */ = {
			isa = PBXGroup;
			children = (
				996692C727B6786500198BB1 /* add_camera_info.txt */,
				996692DA27B6786C00198BB1 /* help_disco.txt */,
				996692CD27B6786500198BB1 /* help_ptz.txt */,
				996692CE27B6786500198BB1 /* help_vmd.txt */,
				996692E127B6786F00198BB1 /* nxv_icon_gray_thumb.png */,
				996692D627B6786B00198BB1 /* ports.txt */,
				996692C827B6786500198BB1 /* ptz_zoom_stop.xml */,
				996692CA27B6786500198BB1 /* ptz_zoom.xml */,
				996692D227B6786800198BB1 /* soap_capabilities.xml */,
				996692C627B6786500198BB1 /* soap_device_info.xml */,
				996692C927B6786500198BB1 /* soap_get_video_encoder_config.xml */,
				996692CC27B6786500198BB1 /* soap_get_video_encoder.xml */,
				996692DE27B6786F00198BB1 /* soap_get_video_profile.xml */,
				996692D927B6786C00198BB1 /* soap_goto_ptz_preset.xml */,
				996692D727B6786B00198BB1 /* soap_header_basic.xml */,
				996692D427B6786900198BB1 /* soap_header.xml */,
				996692D827B6786B00198BB1 /* soap_imaging_apply.xml */,
				996692C327B6786500198BB1 /* soap_imaging_settings.xml */,
				996692DD27B6786F00198BB1 /* soap_imaging.xml */,
				996692DB27B6786C00198BB1 /* soap_profile.xml */,
				996692CF27B6786500198BB1 /* soap_profiles.xml */,
				996692DF27B6786F00198BB1 /* soap_ptz_presets.xml */,
				996692D327B6786900198BB1 /* soap_ptz_stop.xml */,
				996692D527B6786900198BB1 /* soap_ptz.xml */,
				996692DC27B6786E00198BB1 /* soap_set_ptz_preset.xml */,
				996692C527B6786500198BB1 /* soap_set_video_encoder.xml */,
				996692D027B6786600198BB1 /* soap_snapshot.xml */,
				996692CB27B6786500198BB1 /* soap_stream_uri.xml */,
				996692C427B6786500198BB1 /* soap_system_time.xml */,
				996692D127B6786800198BB1 /* ssdp.xml */,
				996692E027B6786F00198BB1 /* wan_disco_template.xml */,
			);
			path = Resources;
			sourceTree = "<group>";
		};
		997DC27D27B56873001981C5 /* ONVIF */ = {
			isa = PBXGroup;
			children = (
				997DC27E27B56873001981C5 /* CardData.swift */,
				997DC27F27B56873001981C5 /* OnvifImagingParser.swift */,
				997DC28027B56873001981C5 /* AllCameras.swift */,
				997DC28127B56873001981C5 /* BaseOnvifAuth.swift */,
				997DC28227B56873001981C5 /* ProfileVideoSourceParser.swift */,
				997DC28327B56873001981C5 /* PtzPresetsFactory.swift */,
				997DC28427B56873001981C5 /* SHA1.swift */,
				997DC28527B56873001981C5 /* XmlPathsParser.swift */,
				997DC28627B56873001981C5 /* OnvifDisco.swift */,
				997DC28727B56873001981C5 /* PtzAction.swift */,
				997DC28827B56873001981C5 /* OnvifVideoEncoder.swift */,
				997DC28927B56873001981C5 /* Camera.swift */,
				997DC28A27B56873001981C5 /* ProfileXmlParser.swift */,
			);
			path = ONVIF;
			sourceTree = "<group>";
		};
		997DC29827B56889001981C5 /* API */ = {
			isa = PBXGroup;
			children = (
				997DC29927B56889001981C5 /* RemoteLogging.swift */,
				997DC29A27B56889001981C5 /* AppLog.swift */,
				997DC29B27B56889001981C5 /* MotionDetector.swift */,
				997DC29C27B56889001981C5 /* NXVProxy.swift */,
			);
			path = API;
			sourceTree = "<group>";
		};
		997DC29D27B56889001981C5 /* Helpers */ = {
			isa = PBXGroup;
			children = (
				997DC29E27B56889001981C5 /* ShareSheetEx.swift */,
				997DC29F27B56889001981C5 /* FileHelper.swift */,
				997DC2A027B56889001981C5 /* Helpers.swift */,
				997DC2A127B56889001981C5 /* ImageHelper.swift */,
				997DC2A227B56889001981C5 /* NetworkMonitor.swift */,
				997DC2A327B56889001981C5 /* URLSessionEx.swift */,
			);
			path = Helpers;
			sourceTree = "<group>";
		};
		997DC2AE27B56B73001981C5 /* UI */ = {
			isa = PBXGroup;
			children = (
				99BB267D27B41FAF001C3718 /* NXTabItem.swift */,
				997DC24427B537CC001981C5 /* NxvProCamerasView.swift */,
				997DC2B327B5703B001981C5 /* AppIconModel.swift */,
				997DC2B127B57004001981C5 /* DiscoveredCameraView.swift */,
				997DC2AF27B56B93001981C5 /* VLCCameraView.swift */,
			);
			path = UI;
			sourceTree = "<group>";
		};
		99BB266227B417CB001C3718 = {
			isa = PBXGroup;
			children = (
				997DC2B527B62464001981C5 /* Launch Screen.storyboard */,
				99BB266D27B417CB001C3718 /* nxvpro */,
				99BB266C27B417CB001C3718 /* Products */,
				9CCD5BA01F69359DB8B506EA /* Pods */,
				501E18D6FB867EA19BFFE550 /* Frameworks */,
			);
			sourceTree = "<group>";
		};
		99BB266C27B417CB001C3718 /* Products */ = {
			isa = PBXGroup;
			children = (
				99BB266B27B417CB001C3718 /* nxvpro.app */,
			);
			name = Products;
			sourceTree = "<group>";
		};
		99BB266D27B417CB001C3718 /* nxvpro */ = {
			isa = PBXGroup;
			children = (
				996692C227B6783F00198BB1 /* Resources */,
				9921DD2427B635B700B0C604 /* nxvpro.entitlements */,
				997DC2AE27B56B73001981C5 /* UI */,
				997DC29827B56889001981C5 /* API */,
				997DC29D27B56889001981C5 /* Helpers */,
				997DC27D27B56873001981C5 /* ONVIF */,
				997DC24227B531C2001981C5 /* AppFonts.swift */,
				99BB267C27B417DC001C3718 /* Info.plist */,
				99BB266E27B417CB001C3718 /* nxvproApp.swift */,
				99BB267027B417CB001C3718 /* NxvProContentView.swift */,
				99BB267227B417CC001C3718 /* Assets.xcassets */,
				99BB267427B417CC001C3718 /* Preview Content */,
			);
			path = nxvpro;
			sourceTree = "<group>";
		};
		99BB267427B417CC001C3718 /* Preview Content */ = {
			isa = PBXGroup;
			children = (
				99BB267527B417CC001C3718 /* Preview Assets.xcassets */,
			);
			path = "Preview Content";
			sourceTree = "<group>";
		};
		9CCD5BA01F69359DB8B506EA /* Pods */ = {
			isa = PBXGroup;
			children = (
				1C468289E824D36F83B0E628 /* Pods-nxvpro.debug.xcconfig */,
				1810040AB902DBD596FA527F /* Pods-nxvpro.release.xcconfig */,
			);
			path = Pods;
			sourceTree = "<group>";
		};
/* End PBXGroup section */

/* Begin PBXNativeTarget section */
		99BB266A27B417CB001C3718 /* nxvpro */ = {
			isa = PBXNativeTarget;
			buildConfigurationList = 99BB267927B417CC001C3718 /* Build configuration list for PBXNativeTarget "nxvpro" */;
			buildPhases = (
				78242CF0FA831EA403D3426A /* [CP] Check Pods Manifest.lock */,
				99BB266727B417CB001C3718 /* Sources */,
				99BB266827B417CB001C3718 /* Frameworks */,
				99BB266927B417CB001C3718 /* Resources */,
				2CBAEC0604A5987167D4D25A /* [CP] Embed Pods Frameworks */,
			);
			buildRules = (
			);
			dependencies = (
			);
			name = nxvpro;
			packageProductDependencies = (
				997DC24727B55D82001981C5 /* CocoaAsyncSocket */,
				997DC24A27B55DB3001981C5 /* ZIPFoundation */,
			);
			productName = nxvpro;
			productReference = 99BB266B27B417CB001C3718 /* nxvpro.app */;
			productType = "com.apple.product-type.application";
		};
/* End PBXNativeTarget section */

/* Begin PBXProject section */
		99BB266327B417CB001C3718 /* Project object */ = {
			isa = PBXProject;
			attributes = {
				BuildIndependentTargetsInParallel = 1;
				LastSwiftUpdateCheck = 1320;
				LastUpgradeCheck = 1320;
				TargetAttributes = {
					99BB266A27B417CB001C3718 = {
						CreatedOnToolsVersion = 13.2.1;
					};
				};
			};
			buildConfigurationList = 99BB266627B417CB001C3718 /* Build configuration list for PBXProject "nxvpro" */;
			compatibilityVersion = "Xcode 13.0";
			developmentRegion = en;
			hasScannedForEncodings = 0;
			knownRegions = (
				en,
				Base,
			);
			mainGroup = 99BB266227B417CB001C3718;
			packageReferences = (
				997DC24627B55D82001981C5 /* XCRemoteSwiftPackageReference "CocoaAsyncSocket" */,
				997DC24927B55DB3001981C5 /* XCRemoteSwiftPackageReference "ZIPFoundation" */,
			);
			productRefGroup = 99BB266C27B417CB001C3718 /* Products */;
			projectDirPath = "";
			projectRoot = "";
			targets = (
				99BB266A27B417CB001C3718 /* nxvpro */,
			);
		};
/* End PBXProject section */

/* Begin PBXResourcesBuildPhase section */
		99BB266927B417CB001C3718 /* Resources */ = {
			isa = PBXResourcesBuildPhase;
			buildActionMask = 2147483647;
			files = (
				996692E527B6786F00198BB1 /* soap_device_info.xml in Resources */,
				996692F527B6786F00198BB1 /* ports.txt in Resources */,
				996692EF27B6786F00198BB1 /* soap_snapshot.xml in Resources */,
				997DC2B627B62464001981C5 /* Launch Screen.storyboard in Resources */,
				996692F027B6786F00198BB1 /* ssdp.xml in Resources */,
				996692ED27B6786F00198BB1 /* help_vmd.txt in Resources */,
				996692E327B6786F00198BB1 /* soap_system_time.xml in Resources */,
				996692FC27B6786F00198BB1 /* soap_imaging.xml in Resources */,
				996692FE27B6786F00198BB1 /* soap_ptz_presets.xml in Resources */,
				996692F727B6786F00198BB1 /* soap_imaging_apply.xml in Resources */,
				996692EA27B6786F00198BB1 /* soap_stream_uri.xml in Resources */,
				996692FB27B6786F00198BB1 /* soap_set_ptz_preset.xml in Resources */,
				996692F327B6786F00198BB1 /* soap_header.xml in Resources */,
				996692E727B6786F00198BB1 /* ptz_zoom_stop.xml in Resources */,
				996692EE27B6786F00198BB1 /* soap_profiles.xml in Resources */,
				996692F227B6786F00198BB1 /* soap_ptz_stop.xml in Resources */,
				996692F927B6786F00198BB1 /* help_disco.txt in Resources */,
				996692F827B6786F00198BB1 /* soap_goto_ptz_preset.xml in Resources */,
				996692E427B6786F00198BB1 /* soap_set_video_encoder.xml in Resources */,
				996692EB27B6786F00198BB1 /* soap_get_video_encoder.xml in Resources */,
				99BB267627B417CC001C3718 /* Preview Assets.xcassets in Resources */,
				9966930027B6786F00198BB1 /* nxv_icon_gray_thumb.png in Resources */,
				996692EC27B6786F00198BB1 /* help_ptz.txt in Resources */,
				996692F627B6786F00198BB1 /* soap_header_basic.xml in Resources */,
				996692F427B6786F00198BB1 /* soap_ptz.xml in Resources */,
				996692F127B6786F00198BB1 /* soap_capabilities.xml in Resources */,
				996692FA27B6786F00198BB1 /* soap_profile.xml in Resources */,
				996692E827B6786F00198BB1 /* soap_get_video_encoder_config.xml in Resources */,
				996692E927B6786F00198BB1 /* ptz_zoom.xml in Resources */,
				996692FD27B6786F00198BB1 /* soap_get_video_profile.xml in Resources */,
				996692E627B6786F00198BB1 /* add_camera_info.txt in Resources */,
				996692E227B6786F00198BB1 /* soap_imaging_settings.xml in Resources */,
				99BB267327B417CC001C3718 /* Assets.xcassets in Resources */,
				996692FF27B6786F00198BB1 /* wan_disco_template.xml in Resources */,
			);
			runOnlyForDeploymentPostprocessing = 0;
		};
/* End PBXResourcesBuildPhase section */

/* Begin PBXShellScriptBuildPhase section */
		2CBAEC0604A5987167D4D25A /* [CP] Embed Pods Frameworks */ = {
			isa = PBXShellScriptBuildPhase;
			buildActionMask = 2147483647;
			files = (
			);
			inputFileListPaths = (
				"${PODS_ROOT}/Target Support Files/Pods-nxvpro/Pods-nxvpro-frameworks-${CONFIGURATION}-input-files.xcfilelist",
			);
			name = "[CP] Embed Pods Frameworks";
			outputFileListPaths = (
				"${PODS_ROOT}/Target Support Files/Pods-nxvpro/Pods-nxvpro-frameworks-${CONFIGURATION}-output-files.xcfilelist",
			);
			runOnlyForDeploymentPostprocessing = 0;
			shellPath = /bin/sh;
			shellScript = "\"${PODS_ROOT}/Target Support Files/Pods-nxvpro/Pods-nxvpro-frameworks.sh\"\n";
			showEnvVarsInLog = 0;
		};
		78242CF0FA831EA403D3426A /* [CP] Check Pods Manifest.lock */ = {
			isa = PBXShellScriptBuildPhase;
			buildActionMask = 2147483647;
			files = (
			);
			inputFileListPaths = (
			);
			inputPaths = (
				"${PODS_PODFILE_DIR_PATH}/Podfile.lock",
				"${PODS_ROOT}/Manifest.lock",
			);
			name = "[CP] Check Pods Manifest.lock";
			outputFileListPaths = (
			);
			outputPaths = (
				"$(DERIVED_FILE_DIR)/Pods-nxvpro-checkManifestLockResult.txt",
			);
			runOnlyForDeploymentPostprocessing = 0;
			shellPath = /bin/sh;
			shellScript = "diff \"${PODS_PODFILE_DIR_PATH}/Podfile.lock\" \"${PODS_ROOT}/Manifest.lock\" > /dev/null\nif [ $? != 0 ] ; then\n    # print error to STDERR\n    echo \"error: The sandbox is not in sync with the Podfile.lock. Run 'pod install' or update your CocoaPods installation.\" >&2\n    exit 1\nfi\n# This output is used by Xcode 'outputs' to avoid re-running this script phase.\necho \"SUCCESS\" > \"${SCRIPT_OUTPUT_FILE_0}\"\n";
			showEnvVarsInLog = 0;
		};
/* End PBXShellScriptBuildPhase section */

/* Begin PBXSourcesBuildPhase section */
		99BB266727B417CB001C3718 /* Sources */ = {
			isa = PBXSourcesBuildPhase;
			buildActionMask = 2147483647;
			files = (
				997DC28D27B56873001981C5 /* AllCameras.swift in Sources */,
				997DC24527B537CC001981C5 /* NxvProCamerasView.swift in Sources */,
				997DC29627B56873001981C5 /* Camera.swift in Sources */,
				997DC29127B56873001981C5 /* SHA1.swift in Sources */,
				997DC29727B56873001981C5 /* ProfileXmlParser.swift in Sources */,
				997DC2A827B56889001981C5 /* ShareSheetEx.swift in Sources */,
				997DC24327B531C2001981C5 /* AppFonts.swift in Sources */,
				997DC2AC27B56889001981C5 /* NetworkMonitor.swift in Sources */,
				997DC2A527B56889001981C5 /* AppLog.swift in Sources */,
				997DC2AD27B56889001981C5 /* URLSessionEx.swift in Sources */,
				997DC29227B56873001981C5 /* XmlPathsParser.swift in Sources */,
				997DC28C27B56873001981C5 /* OnvifImagingParser.swift in Sources */,
				997DC29027B56873001981C5 /* PtzPresetsFactory.swift in Sources */,
				997DC2A927B56889001981C5 /* FileHelper.swift in Sources */,
				99BB267127B417CB001C3718 /* NxvProContentView.swift in Sources */,
				997DC2AA27B56889001981C5 /* Helpers.swift in Sources */,
				997DC2A727B56889001981C5 /* NXVProxy.swift in Sources */,
				997DC28B27B56873001981C5 /* CardData.swift in Sources */,
				997DC29327B56873001981C5 /* OnvifDisco.swift in Sources */,
				997DC2B427B5703B001981C5 /* AppIconModel.swift in Sources */,
				997DC29427B56873001981C5 /* PtzAction.swift in Sources */,
				997DC29527B56873001981C5 /* OnvifVideoEncoder.swift in Sources */,
				99BB267E27B41FAF001C3718 /* NXTabItem.swift in Sources */,
				997DC2A427B56889001981C5 /* RemoteLogging.swift in Sources */,
				997DC2AB27B56889001981C5 /* ImageHelper.swift in Sources */,
				997DC2B027B56B93001981C5 /* VLCCameraView.swift in Sources */,
				99BB266F27B417CB001C3718 /* nxvproApp.swift in Sources */,
				997DC28E27B56873001981C5 /* BaseOnvifAuth.swift in Sources */,
				997DC28F27B56873001981C5 /* ProfileVideoSourceParser.swift in Sources */,
				997DC2A627B56889001981C5 /* MotionDetector.swift in Sources */,
				997DC2B227B57004001981C5 /* DiscoveredCameraView.swift in Sources */,
			);
			runOnlyForDeploymentPostprocessing = 0;
		};
/* End PBXSourcesBuildPhase section */

/* Begin XCBuildConfiguration section */
		99BB267727B417CC001C3718 /* Debug */ = {
			isa = XCBuildConfiguration;
			buildSettings = {
				ALWAYS_SEARCH_USER_PATHS = NO;
				CLANG_ANALYZER_NONNULL = YES;
				CLANG_ANALYZER_NUMBER_OBJECT_CONVERSION = YES_AGGRESSIVE;
				CLANG_CXX_LANGUAGE_STANDARD = "gnu++17";
				CLANG_CXX_LIBRARY = "libc++";
				CLANG_ENABLE_MODULES = YES;
				CLANG_ENABLE_OBJC_ARC = YES;
				CLANG_ENABLE_OBJC_WEAK = YES;
				CLANG_WARN_BLOCK_CAPTURE_AUTORELEASING = YES;
				CLANG_WARN_BOOL_CONVERSION = YES;
				CLANG_WARN_COMMA = YES;
				CLANG_WARN_CONSTANT_CONVERSION = YES;
				CLANG_WARN_DEPRECATED_OBJC_IMPLEMENTATIONS = YES;
				CLANG_WARN_DIRECT_OBJC_ISA_USAGE = YES_ERROR;
				CLANG_WARN_DOCUMENTATION_COMMENTS = YES;
				CLANG_WARN_EMPTY_BODY = YES;
				CLANG_WARN_ENUM_CONVERSION = YES;
				CLANG_WARN_INFINITE_RECURSION = YES;
				CLANG_WARN_INT_CONVERSION = YES;
				CLANG_WARN_NON_LITERAL_NULL_CONVERSION = YES;
				CLANG_WARN_OBJC_IMPLICIT_RETAIN_SELF = YES;
				CLANG_WARN_OBJC_LITERAL_CONVERSION = YES;
				CLANG_WARN_OBJC_ROOT_CLASS = YES_ERROR;
				CLANG_WARN_QUOTED_INCLUDE_IN_FRAMEWORK_HEADER = YES;
				CLANG_WARN_RANGE_LOOP_ANALYSIS = YES;
				CLANG_WARN_STRICT_PROTOTYPES = YES;
				CLANG_WARN_SUSPICIOUS_MOVE = YES;
				CLANG_WARN_UNGUARDED_AVAILABILITY = YES_AGGRESSIVE;
				CLANG_WARN_UNREACHABLE_CODE = YES;
				CLANG_WARN__DUPLICATE_METHOD_MATCH = YES;
				COPY_PHASE_STRIP = NO;
				DEBUG_INFORMATION_FORMAT = dwarf;
				ENABLE_STRICT_OBJC_MSGSEND = YES;
				ENABLE_TESTABILITY = YES;
				GCC_C_LANGUAGE_STANDARD = gnu11;
				GCC_DYNAMIC_NO_PIC = NO;
				GCC_NO_COMMON_BLOCKS = YES;
				GCC_OPTIMIZATION_LEVEL = 0;
				GCC_PREPROCESSOR_DEFINITIONS = (
					"DEBUG=1",
					"$(inherited)",
				);
				GCC_WARN_64_TO_32_BIT_CONVERSION = YES;
				GCC_WARN_ABOUT_RETURN_TYPE = YES_ERROR;
				GCC_WARN_UNDECLARED_SELECTOR = YES;
				GCC_WARN_UNINITIALIZED_AUTOS = YES_AGGRESSIVE;
				GCC_WARN_UNUSED_FUNCTION = YES;
				GCC_WARN_UNUSED_VARIABLE = YES;
				IPHONEOS_DEPLOYMENT_TARGET = 14.5;
				MTL_ENABLE_DEBUG_INFO = INCLUDE_SOURCE;
				MTL_FAST_MATH = YES;
				ONLY_ACTIVE_ARCH = YES;
				SDKROOT = iphoneos;
				SWIFT_ACTIVE_COMPILATION_CONDITIONS = DEBUG;
				SWIFT_OPTIMIZATION_LEVEL = "-Onone";
			};
			name = Debug;
		};
		99BB267827B417CC001C3718 /* Release */ = {
			isa = XCBuildConfiguration;
			buildSettings = {
				ALWAYS_SEARCH_USER_PATHS = NO;
				CLANG_ANALYZER_NONNULL = YES;
				CLANG_ANALYZER_NUMBER_OBJECT_CONVERSION = YES_AGGRESSIVE;
				CLANG_CXX_LANGUAGE_STANDARD = "gnu++17";
				CLANG_CXX_LIBRARY = "libc++";
				CLANG_ENABLE_MODULES = YES;
				CLANG_ENABLE_OBJC_ARC = YES;
				CLANG_ENABLE_OBJC_WEAK = YES;
				CLANG_WARN_BLOCK_CAPTURE_AUTORELEASING = YES;
				CLANG_WARN_BOOL_CONVERSION = YES;
				CLANG_WARN_COMMA = YES;
				CLANG_WARN_CONSTANT_CONVERSION = YES;
				CLANG_WARN_DEPRECATED_OBJC_IMPLEMENTATIONS = YES;
				CLANG_WARN_DIRECT_OBJC_ISA_USAGE = YES_ERROR;
				CLANG_WARN_DOCUMENTATION_COMMENTS = YES;
				CLANG_WARN_EMPTY_BODY = YES;
				CLANG_WARN_ENUM_CONVERSION = YES;
				CLANG_WARN_INFINITE_RECURSION = YES;
				CLANG_WARN_INT_CONVERSION = YES;
				CLANG_WARN_NON_LITERAL_NULL_CONVERSION = YES;
				CLANG_WARN_OBJC_IMPLICIT_RETAIN_SELF = YES;
				CLANG_WARN_OBJC_LITERAL_CONVERSION = YES;
				CLANG_WARN_OBJC_ROOT_CLASS = YES_ERROR;
				CLANG_WARN_QUOTED_INCLUDE_IN_FRAMEWORK_HEADER = YES;
				CLANG_WARN_RANGE_LOOP_ANALYSIS = YES;
				CLANG_WARN_STRICT_PROTOTYPES = YES;
				CLANG_WARN_SUSPICIOUS_MOVE = YES;
				CLANG_WARN_UNGUARDED_AVAILABILITY = YES_AGGRESSIVE;
				CLANG_WARN_UNREACHABLE_CODE = YES;
				CLANG_WARN__DUPLICATE_METHOD_MATCH = YES;
				COPY_PHASE_STRIP = NO;
				DEBUG_INFORMATION_FORMAT = "dwarf-with-dsym";
				ENABLE_NS_ASSERTIONS = NO;
				ENABLE_STRICT_OBJC_MSGSEND = YES;
				GCC_C_LANGUAGE_STANDARD = gnu11;
				GCC_NO_COMMON_BLOCKS = YES;
				GCC_WARN_64_TO_32_BIT_CONVERSION = YES;
				GCC_WARN_ABOUT_RETURN_TYPE = YES_ERROR;
				GCC_WARN_UNDECLARED_SELECTOR = YES;
				GCC_WARN_UNINITIALIZED_AUTOS = YES_AGGRESSIVE;
				GCC_WARN_UNUSED_FUNCTION = YES;
				GCC_WARN_UNUSED_VARIABLE = YES;
				IPHONEOS_DEPLOYMENT_TARGET = 14.5;
				MTL_ENABLE_DEBUG_INFO = NO;
				MTL_FAST_MATH = YES;
				SDKROOT = iphoneos;
				SWIFT_COMPILATION_MODE = wholemodule;
				SWIFT_OPTIMIZATION_LEVEL = "-O";
				VALIDATE_PRODUCT = YES;
			};
			name = Release;
		};
		99BB267A27B417CC001C3718 /* Debug */ = {
			isa = XCBuildConfiguration;
			baseConfigurationReference = 1C468289E824D36F83B0E628 /* Pods-nxvpro.debug.xcconfig */;
			buildSettings = {
				ASSETCATALOG_COMPILER_APPICON_NAME = AppIcon;
				ASSETCATALOG_COMPILER_GLOBAL_ACCENT_COLOR_NAME = AccentColor;
				CODE_SIGN_ENTITLEMENTS = nxvpro/nxvpro.entitlements;
				CODE_SIGN_IDENTITY = "Apple Development";
				CODE_SIGN_STYLE = Automatic;
				CURRENT_PROJECT_VERSION = 1;
				DEVELOPMENT_ASSET_PATHS = "\"nxvpro/Preview Content\"";
				DEVELOPMENT_TEAM = V4G2W7QJY7;
				ENABLE_BITCODE = NO;
				ENABLE_PREVIEWS = YES;
				GENERATE_INFOPLIST_FILE = YES;
				INFOPLIST_FILE = nxvpro/Info.plist;
				INFOPLIST_KEY_NSLocalNetworkUsageDescription = "Access local network to discover cameras";
				INFOPLIST_KEY_UIApplicationSupportsIndirectInputEvents = YES;
				INFOPLIST_KEY_UILaunchStoryboardName = "Launch Screen";
				INFOPLIST_KEY_UISupportedInterfaceOrientations_iPad = "UIInterfaceOrientationPortrait UIInterfaceOrientationPortraitUpsideDown UIInterfaceOrientationLandscapeLeft UIInterfaceOrientationLandscapeRight";
				INFOPLIST_KEY_UISupportedInterfaceOrientations_iPhone = "UIInterfaceOrientationPortrait UIInterfaceOrientationLandscapeLeft UIInterfaceOrientationLandscapeRight";
				LD_RUNPATH_SEARCH_PATHS = (
					"$(inherited)",
					"@executable_path/Frameworks",
				);
				MARKETING_VERSION = 1.0;
				PRODUCT_BUNDLE_IDENTIFIER = com.incax.ios.nxvpro;
				PRODUCT_NAME = "$(TARGET_NAME)";
				PROVISIONING_PROFILE_SPECIFIER = "";
				SWIFT_EMIT_LOC_STRINGS = YES;
				SWIFT_VERSION = 5.0;
				TARGETED_DEVICE_FAMILY = 2;
			};
			name = Debug;
		};
		99BB267B27B417CC001C3718 /* Release */ = {
			isa = XCBuildConfiguration;
			baseConfigurationReference = 1810040AB902DBD596FA527F /* Pods-nxvpro.release.xcconfig */;
			buildSettings = {
				ASSETCATALOG_COMPILER_APPICON_NAME = AppIcon;
				ASSETCATALOG_COMPILER_GLOBAL_ACCENT_COLOR_NAME = AccentColor;
				CODE_SIGN_ENTITLEMENTS = nxvpro/nxvpro.entitlements;
				CODE_SIGN_IDENTITY = "Apple Development";
				CODE_SIGN_STYLE = Automatic;
				CURRENT_PROJECT_VERSION = 1;
				DEVELOPMENT_ASSET_PATHS = "\"nxvpro/Preview Content\"";
				DEVELOPMENT_TEAM = V4G2W7QJY7;
				ENABLE_BITCODE = NO;
				ENABLE_PREVIEWS = YES;
				GENERATE_INFOPLIST_FILE = YES;
				INFOPLIST_FILE = nxvpro/Info.plist;
				INFOPLIST_KEY_NSLocalNetworkUsageDescription = "Access local network to discover cameras";
				INFOPLIST_KEY_UIApplicationSupportsIndirectInputEvents = YES;
				INFOPLIST_KEY_UILaunchStoryboardName = "Launch Screen";
				INFOPLIST_KEY_UISupportedInterfaceOrientations_iPad = "UIInterfaceOrientationPortrait UIInterfaceOrientationPortraitUpsideDown UIInterfaceOrientationLandscapeLeft UIInterfaceOrientationLandscapeRight";
				INFOPLIST_KEY_UISupportedInterfaceOrientations_iPhone = "UIInterfaceOrientationPortrait UIInterfaceOrientationLandscapeLeft UIInterfaceOrientationLandscapeRight";
				LD_RUNPATH_SEARCH_PATHS = (
					"$(inherited)",
					"@executable_path/Frameworks",
				);
				MARKETING_VERSION = 1.0;
				PRODUCT_BUNDLE_IDENTIFIER = com.incax.ios.nxvpro;
				PRODUCT_NAME = "$(TARGET_NAME)";
				SWIFT_EMIT_LOC_STRINGS = YES;
				SWIFT_VERSION = 5.0;
				TARGETED_DEVICE_FAMILY = 2;
			};
			name = Release;
		};
/* End XCBuildConfiguration section */

/* Begin XCConfigurationList section */
		99BB266627B417CB001C3718 /* Build configuration list for PBXProject "nxvpro" */ = {
			isa = XCConfigurationList;
			buildConfigurations = (
				99BB267727B417CC001C3718 /* Debug */,
				99BB267827B417CC001C3718 /* Release */,
			);
			defaultConfigurationIsVisible = 0;
			defaultConfigurationName = Release;
		};
		99BB267927B417CC001C3718 /* Build configuration list for PBXNativeTarget "nxvpro" */ = {
			isa = XCConfigurationList;
			buildConfigurations = (
				99BB267A27B417CC001C3718 /* Debug */,
				99BB267B27B417CC001C3718 /* Release */,
			);
			defaultConfigurationIsVisible = 0;
			defaultConfigurationName = Release;
		};
/* End XCConfigurationList section */

/* Begin XCRemoteSwiftPackageReference section */
		997DC24627B55D82001981C5 /* XCRemoteSwiftPackageReference "CocoaAsyncSocket" */ = {
			isa = XCRemoteSwiftPackageReference;
			repositoryURL = "https://github.com/robbiehanson/CocoaAsyncSocket.git";
			requirement = {
				kind = upToNextMajorVersion;
				minimumVersion = 7.6.5;
			};
		};
		997DC24927B55DB3001981C5 /* XCRemoteSwiftPackageReference "ZIPFoundation" */ = {
			isa = XCRemoteSwiftPackageReference;
			repositoryURL = "https://github.com/weichsel/ZIPFoundation.git";
			requirement = {
				kind = upToNextMajorVersion;
				minimumVersion = 0.9.9;
			};
		};
/* End XCRemoteSwiftPackageReference section */

/* Begin XCSwiftPackageProductDependency section */
		997DC24727B55D82001981C5 /* CocoaAsyncSocket */ = {
			isa = XCSwiftPackageProductDependency;
			package = 997DC24627B55D82001981C5 /* XCRemoteSwiftPackageReference "CocoaAsyncSocket" */;
			productName = CocoaAsyncSocket;
		};
		997DC24A27B55DB3001981C5 /* ZIPFoundation */ = {
			isa = XCSwiftPackageProductDependency;
			package = 997DC24927B55DB3001981C5 /* XCRemoteSwiftPackageReference "ZIPFoundation" */;
			productName = ZIPFoundation;
		};
/* End XCSwiftPackageProductDependency section */
	};
	rootObject = 99BB266327B417CB001C3718 /* Project object */;
}
